
Microsoft Visual Studio Solution File, Format Version 12.00
# Visual Studio Version 16
VisualStudioVersion = 16.0.30114.105
MinimumVisualStudioVersion = 10.0.40219.1
Project("{2150E333-8FDC-42A3-9474-1A3956D46DE8}") = "src", "src", "{D3E0F0A1-4A5A-477E-B6A7-E56D77C8561E}"
EndProject
Project("{FAE04EC0-301F-11D3-BF4B-00C04F79EFBC}") = "Boilerplate.Common", "src\Common\Boilerplate.Common.csproj", "{272EF4BE-7D1F-4AC6-BA9F-75788966B463}"
EndProject
Project("{FAE04EC0-301F-11D3-BF4B-00C04F79EFBC}") = "Boilerplate.EntityFrameworkCore", "src\EntityFrameworkCore\Boilerplate.EntityFrameworkCore.csproj", "{AED7304D-54E4-4ADB-9B46-DFB1B1FE6E90}"
EndProject
Project("{FAE04EC0-301F-11D3-BF4B-00C04F79EFBC}") = "MongoDB", "src\MongoDB\MongoDB.csproj", "{853D579F-475A-40B1-B720-D7A67396081E}"
EndProject
Global
	GlobalSection(SolutionConfigurationPlatforms) = preSolution
		Debug|Any CPU = Debug|Any CPU
		Debug|x64 = Debug|x64
		Debug|x86 = Debug|x86
		Release|Any CPU = Release|Any CPU
		Release|x64 = Release|x64
		Release|x86 = Release|x86
	EndGlobalSection
	GlobalSection(SolutionProperties) = preSolution
		HideSolutionNode = FALSE
	EndGlobalSection
	GlobalSection(ProjectConfigurationPlatforms) = postSolution
		{272EF4BE-7D1F-4AC6-BA9F-75788966B463}.Debug|Any CPU.ActiveCfg = Debug|Any CPU
		{272EF4BE-7D1F-4AC6-BA9F-75788966B463}.Debug|Any CPU.Build.0 = Debug|Any CPU
		{272EF4BE-7D1F-4AC6-BA9F-75788966B463}.Debug|x64.ActiveCfg = Debug|Any CPU
		{272EF4BE-7D1F-4AC6-BA9F-75788966B463}.Debug|x64.Build.0 = Debug|Any CPU
		{272EF4BE-7D1F-4AC6-BA9F-75788966B463}.Debug|x86.ActiveCfg = Debug|Any CPU
		{272EF4BE-7D1F-4AC6-BA9F-75788966B463}.Debug|x86.Build.0 = Debug|Any CPU
		{272EF4BE-7D1F-4AC6-BA9F-75788966B463}.Release|Any CPU.ActiveCfg = Release|Any CPU
		{272EF4BE-7D1F-4AC6-BA9F-75788966B463}.Release|Any CPU.Build.0 = Release|Any CPU
		{272EF4BE-7D1F-4AC6-BA9F-75788966B463}.Release|x64.ActiveCfg = Release|Any CPU
		{272EF4BE-7D1F-4AC6-BA9F-75788966B463}.Release|x64.Build.0 = Release|Any CPU
		{272EF4BE-7D1F-4AC6-BA9F-75788966B463}.Release|x86.ActiveCfg = Release|Any CPU
		{272EF4BE-7D1F-4AC6-BA9F-75788966B463}.Release|x86.Build.0 = Release|Any CPU
		{AED7304D-54E4-4ADB-9B46-DFB1B1FE6E90}.Debug|Any CPU.ActiveCfg = Debug|Any CPU
		{AED7304D-54E4-4ADB-9B46-DFB1B1FE6E90}.Debug|Any CPU.Build.0 = Debug|Any CPU
		{AED7304D-54E4-4ADB-9B46-DFB1B1FE6E90}.Debug|x64.ActiveCfg = Debug|Any CPU
		{AED7304D-54E4-4ADB-9B46-DFB1B1FE6E90}.Debug|x64.Build.0 = Debug|Any CPU
		{AED7304D-54E4-4ADB-9B46-DFB1B1FE6E90}.Debug|x86.ActiveCfg = Debug|Any CPU
		{AED7304D-54E4-4ADB-9B46-DFB1B1FE6E90}.Debug|x86.Build.0 = Debug|Any CPU
		{AED7304D-54E4-4ADB-9B46-DFB1B1FE6E90}.Release|Any CPU.ActiveCfg = Release|Any CPU
		{AED7304D-54E4-4ADB-9B46-DFB1B1FE6E90}.Release|Any CPU.Build.0 = Release|Any CPU
		{AED7304D-54E4-4ADB-9B46-DFB1B1FE6E90}.Release|x64.ActiveCfg = Release|Any CPU
		{AED7304D-54E4-4ADB-9B46-DFB1B1FE6E90}.Release|x64.Build.0 = Release|Any CPU
		{AED7304D-54E4-4ADB-9B46-DFB1B1FE6E90}.Release|x86.ActiveCfg = Release|Any CPU
		{AED7304D-54E4-4ADB-9B46-DFB1B1FE6E90}.Release|x86.Build.0 = Release|Any CPU
		{853D579F-475A-40B1-B720-D7A67396081E}.Debug|Any CPU.ActiveCfg = Debug|Any CPU
		{853D579F-475A-40B1-B720-D7A67396081E}.Debug|Any CPU.Build.0 = Debug|Any CPU
		{853D579F-475A-40B1-B720-D7A67396081E}.Debug|x64.ActiveCfg = Debug|Any CPU
		{853D579F-475A-40B1-B720-D7A67396081E}.Debug|x64.Build.0 = Debug|Any CPU
		{853D579F-475A-40B1-B720-D7A67396081E}.Debug|x86.ActiveCfg = Debug|Any CPU
		{853D579F-475A-40B1-B720-D7A67396081E}.Debug|x86.Build.0 = Debug|Any CPU
		{853D579F-475A-40B1-B720-D7A67396081E}.Release|Any CPU.ActiveCfg = Release|Any CPU
		{853D579F-475A-40B1-B720-D7A67396081E}.Release|Any CPU.Build.0 = Release|Any CPU
		{853D579F-475A-40B1-B720-D7A67396081E}.Release|x64.ActiveCfg = Release|Any CPU
		{853D579F-475A-40B1-B720-D7A67396081E}.Release|x64.Build.0 = Release|Any CPU
		{853D579F-475A-40B1-B720-D7A67396081E}.Release|x86.ActiveCfg = Release|Any CPU
		{853D579F-475A-40B1-B720-D7A67396081E}.Release|x86.Build.0 = Release|Any CPU
	EndGlobalSection
	GlobalSection(NestedProjects) = preSolution
		{272EF4BE-7D1F-4AC6-BA9F-75788966B463} = {D3E0F0A1-4A5A-477E-B6A7-E56D77C8561E}
		{AED7304D-54E4-4ADB-9B46-DFB1B1FE6E90} = {D3E0F0A1-4A5A-477E-B6A7-E56D77C8561E}
		{853D579F-475A-40B1-B720-D7A67396081E} = {D3E0F0A1-4A5A-477E-B6A7-E56D77C8561E}
	EndGlobalSection
EndGlobal
