
Microsoft Visual Studio Solution File, Format Version 12.00
# Visual Studio Version 16
VisualStudioVersion = 16.0.30114.105
MinimumVisualStudioVersion = 10.0.40219.1
Project("{2150E333-8FDC-42A3-9474-1A3956D46DE8}") = "src", "src", "{D3E0F0A1-4A5A-477E-B6A7-E56D77C8561E}"
	ProjectSection(SolutionItems) = preProject
		src\Directory.Build.props = src\Directory.Build.props
	EndProjectSection
EndProject
Project("{FAE04EC0-301F-11D3-BF4B-00C04F79EFBC}") = "Common", "src\Common\Common.csproj", "{272EF4BE-7D1F-4AC6-BA9F-75788966B463}"
EndProject
Project("{FAE04EC0-301F-11D3-BF4B-00C04F79EFBC}") = "EntityFrameworkCore", "src\EntityFrameworkCore\EntityFrameworkCore.csproj", "{AED7304D-54E4-4ADB-9B46-DFB1B1FE6E90}"
EndProject
Project("{FAE04EC0-301F-11D3-BF4B-00C04F79EFBC}") = "MongoDB", "src\MongoDB\MongoDB.csproj", "{8CEFC556-B6E9-4F49-B241-D418DE8BA57B}"
EndProject
Project("{2150E333-8FDC-42A3-9474-1A3956D46DE8}") = "samples", "samples", "{99834A5B-0990-4DDE-BA03-6BD994E12B98}"
	ProjectSection(SolutionItems) = preProject
		samples\Directory.Build.props = samples\Directory.Build.props
	EndProjectSection
EndProject
Project("{FAE04EC0-301F-11D3-BF4B-00C04F79EFBC}") = "MongoDB.Sample", "samples\MongoDB.Sample\MongoDB.Sample.csproj", "{D8871CE2-D6F2-414B-B76B-65171199411B}"
EndProject
Project("{2150E333-8FDC-42A3-9474-1A3956D46DE8}") = "tests", "tests", "{E500456D-0A09-4A0D-8643-65E51219AFF8}"
	ProjectSection(SolutionItems) = preProject
		tests\Directory.Build.props = tests\Directory.Build.props
	EndProjectSection
EndProject
Project("{2150E333-8FDC-42A3-9474-1A3956D46DE8}") = "root", "root", "{790CDD4D-9EF7-4EE1-85B3-EAA2DD9A9E34}"
	ProjectSection(SolutionItems) = preProject
		.editorconfig = .editorconfig
		.gitignore = .gitignore
		.gitattributes = .gitattributes
		.dockerignore = .dockerignore
		Directory.Build.props = Directory.Build.props
		Directory.Build.targets = Directory.Build.targets
		dotnet-tools.json = dotnet-tools.json
		global.json = global.json
		Key.snk = Key.snk
		build.cake = build.cake
	EndProjectSection
EndProject
Project("{2150E333-8FDC-42A3-9474-1A3956D46DE8}") = ".github", ".github", "{7B0B1CE5-9D28-4EF0-BCB8-3D16E0179F42}"
	ProjectSection(SolutionItems) = preProject
		.github\release-drafter.yml = .github\release-drafter.yml
		.github\dependabot.yml = .github\dependabot.yml
	EndProjectSection
EndProject
Project("{2150E333-8FDC-42A3-9474-1A3956D46DE8}") = "docs", "docs", "{7BD3D4BA-EB53-4B2B-BADC-531382AD853F}"
	ProjectSection(SolutionItems) = preProject
		LICENSE = LICENSE
	EndProjectSection
EndProject
Project("{2150E333-8FDC-42A3-9474-1A3956D46DE8}") = ".github", ".github", "{9DB84352-81D8-4DB6-AB6B-369AA5B6623B}"
	ProjectSection(SolutionItems) = preProject
		.github\CONTRIBUTING.md = .github\CONTRIBUTING.md
		.github\PULL_REQUEST_TEMPLATE.md = .github\PULL_REQUEST_TEMPLATE.md
	EndProjectSection
EndProject
Project("{2150E333-8FDC-42A3-9474-1A3956D46DE8}") = "templates", "templates", "{3B76F3A1-3406-44B5-AAF1-F0030B8CA721}"
	ProjectSection(SolutionItems) = preProject
		.github\ISSUE_TEMPLATE\FEATURE_REQUEST.yml = .github\ISSUE_TEMPLATE\FEATURE_REQUEST.yml
		.github\ISSUE_TEMPLATE\BUG_REPORT.yml = .github\ISSUE_TEMPLATE\BUG_REPORT.yml
	EndProjectSection
EndProject
Project("{2150E333-8FDC-42A3-9474-1A3956D46DE8}") = "workflows", "workflows", "{C6A04A9A-DE52-4010-AA79-1E8251BBD5EE}"
	ProjectSection(SolutionItems) = preProject
		.github\workflows\codeql-analysis.yml = .github\workflows\codeql-analysis.yml
		.github\workflows\release-drafter.yml = .github\workflows\release-drafter.yml
		.github\workflows\build.yml = .github\workflows\build.yml
	EndProjectSection
EndProject
Project("{FAE04EC0-301F-11D3-BF4B-00C04F79EFBC}") = "Common.UnitTests", "tests\Common.UnitTests\Common.UnitTests.csproj", "{C25A7BB5-339F-4014-A77E-5E582B244C53}"
EndProject
Project("{FAE04EC0-301F-11D3-BF4B-00C04F79EFBC}") = "EntityFrameworkCore.Sample", "samples\EntityFrameworkCore.Sample\EntityFrameworkCore.Sample.csproj", "{6F9A386A-BC4C-4870-B7CF-C0BDF960B013}"
EndProject
Global
	GlobalSection(SolutionConfigurationPlatforms) = preSolution
		Debug|Any CPU = Debug|Any CPU
		Debug|x64 = Debug|x64
		Debug|x86 = Debug|x86
		Release|Any CPU = Release|Any CPU
		Release|x64 = Release|x64
		Release|x86 = Release|x86
	EndGlobalSection
	GlobalSection(SolutionProperties) = preSolution
		HideSolutionNode = FALSE
	EndGlobalSection
	GlobalSection(ProjectConfigurationPlatforms) = postSolution
		{272EF4BE-7D1F-4AC6-BA9F-75788966B463}.Debug|Any CPU.ActiveCfg = Debug|Any CPU
		{272EF4BE-7D1F-4AC6-BA9F-75788966B463}.Debug|Any CPU.Build.0 = Debug|Any CPU
		{272EF4BE-7D1F-4AC6-BA9F-75788966B463}.Debug|x64.ActiveCfg = Debug|Any CPU
		{272EF4BE-7D1F-4AC6-BA9F-75788966B463}.Debug|x64.Build.0 = Debug|Any CPU
		{272EF4BE-7D1F-4AC6-BA9F-75788966B463}.Debug|x86.ActiveCfg = Debug|Any CPU
		{272EF4BE-7D1F-4AC6-BA9F-75788966B463}.Debug|x86.Build.0 = Debug|Any CPU
		{272EF4BE-7D1F-4AC6-BA9F-75788966B463}.Release|Any CPU.ActiveCfg = Release|Any CPU
		{272EF4BE-7D1F-4AC6-BA9F-75788966B463}.Release|Any CPU.Build.0 = Release|Any CPU
		{272EF4BE-7D1F-4AC6-BA9F-75788966B463}.Release|x64.ActiveCfg = Release|Any CPU
		{272EF4BE-7D1F-4AC6-BA9F-75788966B463}.Release|x64.Build.0 = Release|Any CPU
		{272EF4BE-7D1F-4AC6-BA9F-75788966B463}.Release|x86.ActiveCfg = Release|Any CPU
		{272EF4BE-7D1F-4AC6-BA9F-75788966B463}.Release|x86.Build.0 = Release|Any CPU
		{AED7304D-54E4-4ADB-9B46-DFB1B1FE6E90}.Debug|Any CPU.ActiveCfg = Debug|Any CPU
		{AED7304D-54E4-4ADB-9B46-DFB1B1FE6E90}.Debug|Any CPU.Build.0 = Debug|Any CPU
		{AED7304D-54E4-4ADB-9B46-DFB1B1FE6E90}.Debug|x64.ActiveCfg = Debug|Any CPU
		{AED7304D-54E4-4ADB-9B46-DFB1B1FE6E90}.Debug|x64.Build.0 = Debug|Any CPU
		{AED7304D-54E4-4ADB-9B46-DFB1B1FE6E90}.Debug|x86.ActiveCfg = Debug|Any CPU
		{AED7304D-54E4-4ADB-9B46-DFB1B1FE6E90}.Debug|x86.Build.0 = Debug|Any CPU
		{AED7304D-54E4-4ADB-9B46-DFB1B1FE6E90}.Release|Any CPU.ActiveCfg = Release|Any CPU
		{AED7304D-54E4-4ADB-9B46-DFB1B1FE6E90}.Release|Any CPU.Build.0 = Release|Any CPU
		{AED7304D-54E4-4ADB-9B46-DFB1B1FE6E90}.Release|x64.ActiveCfg = Release|Any CPU
		{AED7304D-54E4-4ADB-9B46-DFB1B1FE6E90}.Release|x64.Build.0 = Release|Any CPU
		{AED7304D-54E4-4ADB-9B46-DFB1B1FE6E90}.Release|x86.ActiveCfg = Release|Any CPU
		{AED7304D-54E4-4ADB-9B46-DFB1B1FE6E90}.Release|x86.Build.0 = Release|Any CPU
		{8CEFC556-B6E9-4F49-B241-D418DE8BA57B}.Debug|Any CPU.ActiveCfg = Debug|Any CPU
		{8CEFC556-B6E9-4F49-B241-D418DE8BA57B}.Debug|Any CPU.Build.0 = Debug|Any CPU
		{8CEFC556-B6E9-4F49-B241-D418DE8BA57B}.Debug|x64.ActiveCfg = Debug|Any CPU
		{8CEFC556-B6E9-4F49-B241-D418DE8BA57B}.Debug|x64.Build.0 = Debug|Any CPU
		{8CEFC556-B6E9-4F49-B241-D418DE8BA57B}.Debug|x86.ActiveCfg = Debug|Any CPU
		{8CEFC556-B6E9-4F49-B241-D418DE8BA57B}.Debug|x86.Build.0 = Debug|Any CPU
		{8CEFC556-B6E9-4F49-B241-D418DE8BA57B}.Release|Any CPU.ActiveCfg = Release|Any CPU
		{8CEFC556-B6E9-4F49-B241-D418DE8BA57B}.Release|Any CPU.Build.0 = Release|Any CPU
		{8CEFC556-B6E9-4F49-B241-D418DE8BA57B}.Release|x64.ActiveCfg = Release|Any CPU
		{8CEFC556-B6E9-4F49-B241-D418DE8BA57B}.Release|x64.Build.0 = Release|Any CPU
		{8CEFC556-B6E9-4F49-B241-D418DE8BA57B}.Release|x86.ActiveCfg = Release|Any CPU
		{8CEFC556-B6E9-4F49-B241-D418DE8BA57B}.Release|x86.Build.0 = Release|Any CPU
		{D8871CE2-D6F2-414B-B76B-65171199411B}.Debug|Any CPU.ActiveCfg = Debug|Any CPU
		{D8871CE2-D6F2-414B-B76B-65171199411B}.Debug|Any CPU.Build.0 = Debug|Any CPU
		{D8871CE2-D6F2-414B-B76B-65171199411B}.Debug|x64.ActiveCfg = Debug|Any CPU
		{D8871CE2-D6F2-414B-B76B-65171199411B}.Debug|x64.Build.0 = Debug|Any CPU
		{D8871CE2-D6F2-414B-B76B-65171199411B}.Debug|x86.ActiveCfg = Debug|Any CPU
		{D8871CE2-D6F2-414B-B76B-65171199411B}.Debug|x86.Build.0 = Debug|Any CPU
		{D8871CE2-D6F2-414B-B76B-65171199411B}.Release|Any CPU.ActiveCfg = Release|Any CPU
		{D8871CE2-D6F2-414B-B76B-65171199411B}.Release|Any CPU.Build.0 = Release|Any CPU
		{D8871CE2-D6F2-414B-B76B-65171199411B}.Release|x64.ActiveCfg = Release|Any CPU
		{D8871CE2-D6F2-414B-B76B-65171199411B}.Release|x64.Build.0 = Release|Any CPU
		{D8871CE2-D6F2-414B-B76B-65171199411B}.Release|x86.ActiveCfg = Release|Any CPU
		{D8871CE2-D6F2-414B-B76B-65171199411B}.Release|x86.Build.0 = Release|Any CPU
		{C25A7BB5-339F-4014-A77E-5E582B244C53}.Debug|Any CPU.ActiveCfg = Debug|Any CPU
		{C25A7BB5-339F-4014-A77E-5E582B244C53}.Debug|Any CPU.Build.0 = Debug|Any CPU
		{C25A7BB5-339F-4014-A77E-5E582B244C53}.Debug|x64.ActiveCfg = Debug|Any CPU
		{C25A7BB5-339F-4014-A77E-5E582B244C53}.Debug|x64.Build.0 = Debug|Any CPU
		{C25A7BB5-339F-4014-A77E-5E582B244C53}.Debug|x86.ActiveCfg = Debug|Any CPU
		{C25A7BB5-339F-4014-A77E-5E582B244C53}.Debug|x86.Build.0 = Debug|Any CPU
		{C25A7BB5-339F-4014-A77E-5E582B244C53}.Release|Any CPU.ActiveCfg = Release|Any CPU
		{C25A7BB5-339F-4014-A77E-5E582B244C53}.Release|Any CPU.Build.0 = Release|Any CPU
		{C25A7BB5-339F-4014-A77E-5E582B244C53}.Release|x64.ActiveCfg = Release|Any CPU
		{C25A7BB5-339F-4014-A77E-5E582B244C53}.Release|x64.Build.0 = Release|Any CPU
		{C25A7BB5-339F-4014-A77E-5E582B244C53}.Release|x86.ActiveCfg = Release|Any CPU
		{C25A7BB5-339F-4014-A77E-5E582B244C53}.Release|x86.Build.0 = Release|Any CPU
		{6F9A386A-BC4C-4870-B7CF-C0BDF960B013}.Debug|Any CPU.ActiveCfg = Debug|Any CPU
		{6F9A386A-BC4C-4870-B7CF-C0BDF960B013}.Debug|Any CPU.Build.0 = Debug|Any CPU
		{6F9A386A-BC4C-4870-B7CF-C0BDF960B013}.Debug|x64.ActiveCfg = Debug|Any CPU
		{6F9A386A-BC4C-4870-B7CF-C0BDF960B013}.Debug|x64.Build.0 = Debug|Any CPU
		{6F9A386A-BC4C-4870-B7CF-C0BDF960B013}.Debug|x86.ActiveCfg = Debug|Any CPU
		{6F9A386A-BC4C-4870-B7CF-C0BDF960B013}.Debug|x86.Build.0 = Debug|Any CPU
		{6F9A386A-BC4C-4870-B7CF-C0BDF960B013}.Release|Any CPU.ActiveCfg = Release|Any CPU
		{6F9A386A-BC4C-4870-B7CF-C0BDF960B013}.Release|Any CPU.Build.0 = Release|Any CPU
		{6F9A386A-BC4C-4870-B7CF-C0BDF960B013}.Release|x64.ActiveCfg = Release|Any CPU
		{6F9A386A-BC4C-4870-B7CF-C0BDF960B013}.Release|x64.Build.0 = Release|Any CPU
		{6F9A386A-BC4C-4870-B7CF-C0BDF960B013}.Release|x86.ActiveCfg = Release|Any CPU
		{6F9A386A-BC4C-4870-B7CF-C0BDF960B013}.Release|x86.Build.0 = Release|Any CPU
	EndGlobalSection
	GlobalSection(NestedProjects) = preSolution
		{272EF4BE-7D1F-4AC6-BA9F-75788966B463} = {D3E0F0A1-4A5A-477E-B6A7-E56D77C8561E}
		{AED7304D-54E4-4ADB-9B46-DFB1B1FE6E90} = {D3E0F0A1-4A5A-477E-B6A7-E56D77C8561E}
		{8CEFC556-B6E9-4F49-B241-D418DE8BA57B} = {D3E0F0A1-4A5A-477E-B6A7-E56D77C8561E}
		{D8871CE2-D6F2-414B-B76B-65171199411B} = {99834A5B-0990-4DDE-BA03-6BD994E12B98}
		{7B0B1CE5-9D28-4EF0-BCB8-3D16E0179F42} = {790CDD4D-9EF7-4EE1-85B3-EAA2DD9A9E34}
		{9DB84352-81D8-4DB6-AB6B-369AA5B6623B} = {7BD3D4BA-EB53-4B2B-BADC-531382AD853F}
		{3B76F3A1-3406-44B5-AAF1-F0030B8CA721} = {9DB84352-81D8-4DB6-AB6B-369AA5B6623B}
		{C6A04A9A-DE52-4010-AA79-1E8251BBD5EE} = {7B0B1CE5-9D28-4EF0-BCB8-3D16E0179F42}
		{C25A7BB5-339F-4014-A77E-5E582B244C53} = {E500456D-0A09-4A0D-8643-65E51219AFF8}
		{6F9A386A-BC4C-4870-B7CF-C0BDF960B013} = {99834A5B-0990-4DDE-BA03-6BD994E12B98}
	EndGlobalSection
EndGlobal
