
Microsoft Visual Studio Solution File, Format Version 12.00
# Visual Studio Version 16
VisualStudioVersion = 16.0.30114.105
MinimumVisualStudioVersion = 10.0.40219.1
Project("{2150E333-8FDC-42A3-9474-1A3956D46DE8}") = "src", "src", "{D3E0F0A1-4A5A-477E-B6A7-E56D77C8561E}"
EndProject
Project("{FAE04EC0-301F-11D3-BF4B-00C04F79EFBC}") = "Boilerplate.Common", "src\Common\Boilerplate.Common.csproj", "{272EF4BE-7D1F-4AC6-BA9F-75788966B463}"
EndProject
Project("{FAE04EC0-301F-11D3-BF4B-00C04F79EFBC}") = "Boilerplate.EntityFrameworkCore", "src\EntityFrameworkCore\Boilerplate.EntityFrameworkCore.csproj", "{AED7304D-54E4-4ADB-9B46-DFB1B1FE6E90}"
EndProject
Project("{FAE04EC0-301F-11D3-BF4B-00C04F79EFBC}") = "Boilerplate.MongoDB", "src\MongoDB\Boilerplate.MongoDB.csproj", "{8CEFC556-B6E9-4F49-B241-D418DE8BA57B}"
EndProject
Project("{2150E333-8FDC-42A3-9474-1A3956D46DE8}") = "samples", "samples", "{99834A5B-0990-4DDE-BA03-6BD994E12B98}"
EndProject
Project("{FAE04EC0-301F-11D3-BF4B-00C04F79EFBC}") = "Boilerplate.MongoDB.Sample", "samples\MongoDB.Sample\Boilerplate.MongoDB.Sample.csproj", "{D8871CE2-D6F2-414B-B76B-65171199411B}"
EndProject
Project("{2150E333-8FDC-42A3-9474-1A3956D46DE8}") = "root", "root", "{790CDD4D-9EF7-4EE1-85B3-EAA2DD9A9E34}"
	ProjectSection(SolutionItems) = preProject
		.editorconfig = .editorconfig
		.gitignore = .gitignore
		LICENSE = LICENSE
		.dockerignore = .dockerignore
	EndProjectSection
EndProject
Global
	GlobalSection(SolutionConfigurationPlatforms) = preSolution
		Debug|Any CPU = Debug|Any CPU
		Debug|x64 = Debug|x64
		Debug|x86 = Debug|x86
		Release|Any CPU = Release|Any CPU
		Release|x64 = Release|x64
		Release|x86 = Release|x86
	EndGlobalSection
	GlobalSection(SolutionProperties) = preSolution
		HideSolutionNode = FALSE
	EndGlobalSection
	GlobalSection(ProjectConfigurationPlatforms) = postSolution
		{272EF4BE-7D1F-4AC6-BA9F-75788966B463}.Debug|Any CPU.ActiveCfg = Debug|Any CPU
		{272EF4BE-7D1F-4AC6-BA9F-75788966B463}.Debug|Any CPU.Build.0 = Debug|Any CPU
		{272EF4BE-7D1F-4AC6-BA9F-75788966B463}.Debug|x64.ActiveCfg = Debug|Any CPU
		{272EF4BE-7D1F-4AC6-BA9F-75788966B463}.Debug|x64.Build.0 = Debug|Any CPU
		{272EF4BE-7D1F-4AC6-BA9F-75788966B463}.Debug|x86.ActiveCfg = Debug|Any CPU
		{272EF4BE-7D1F-4AC6-BA9F-75788966B463}.Debug|x86.Build.0 = Debug|Any CPU
		{272EF4BE-7D1F-4AC6-BA9F-75788966B463}.Release|Any CPU.ActiveCfg = Release|Any CPU
		{272EF4BE-7D1F-4AC6-BA9F-75788966B463}.Release|Any CPU.Build.0 = Release|Any CPU
		{272EF4BE-7D1F-4AC6-BA9F-75788966B463}.Release|x64.ActiveCfg = Release|Any CPU
		{272EF4BE-7D1F-4AC6-BA9F-75788966B463}.Release|x64.Build.0 = Release|Any CPU
		{272EF4BE-7D1F-4AC6-BA9F-75788966B463}.Release|x86.ActiveCfg = Release|Any CPU
		{272EF4BE-7D1F-4AC6-BA9F-75788966B463}.Release|x86.Build.0 = Release|Any CPU
		{AED7304D-54E4-4ADB-9B46-DFB1B1FE6E90}.Debug|Any CPU.ActiveCfg = Debug|Any CPU
		{AED7304D-54E4-4ADB-9B46-DFB1B1FE6E90}.Debug|Any CPU.Build.0 = Debug|Any CPU
		{AED7304D-54E4-4ADB-9B46-DFB1B1FE6E90}.Debug|x64.ActiveCfg = Debug|Any CPU
		{AED7304D-54E4-4ADB-9B46-DFB1B1FE6E90}.Debug|x64.Build.0 = Debug|Any CPU
		{AED7304D-54E4-4ADB-9B46-DFB1B1FE6E90}.Debug|x86.ActiveCfg = Debug|Any CPU
		{AED7304D-54E4-4ADB-9B46-DFB1B1FE6E90}.Debug|x86.Build.0 = Debug|Any CPU
		{AED7304D-54E4-4ADB-9B46-DFB1B1FE6E90}.Release|Any CPU.ActiveCfg = Release|Any CPU
		{AED7304D-54E4-4ADB-9B46-DFB1B1FE6E90}.Release|Any CPU.Build.0 = Release|Any CPU
		{AED7304D-54E4-4ADB-9B46-DFB1B1FE6E90}.Release|x64.ActiveCfg = Release|Any CPU
		{AED7304D-54E4-4ADB-9B46-DFB1B1FE6E90}.Release|x64.Build.0 = Release|Any CPU
		{AED7304D-54E4-4ADB-9B46-DFB1B1FE6E90}.Release|x86.ActiveCfg = Release|Any CPU
		{AED7304D-54E4-4ADB-9B46-DFB1B1FE6E90}.Release|x86.Build.0 = Release|Any CPU
		{8CEFC556-B6E9-4F49-B241-D418DE8BA57B}.Debug|Any CPU.ActiveCfg = Debug|Any CPU
		{8CEFC556-B6E9-4F49-B241-D418DE8BA57B}.Debug|Any CPU.Build.0 = Debug|Any CPU
		{8CEFC556-B6E9-4F49-B241-D418DE8BA57B}.Debug|x64.ActiveCfg = Debug|Any CPU
		{8CEFC556-B6E9-4F49-B241-D418DE8BA57B}.Debug|x64.Build.0 = Debug|Any CPU
		{8CEFC556-B6E9-4F49-B241-D418DE8BA57B}.Debug|x86.ActiveCfg = Debug|Any CPU
		{8CEFC556-B6E9-4F49-B241-D418DE8BA57B}.Debug|x86.Build.0 = Debug|Any CPU
		{8CEFC556-B6E9-4F49-B241-D418DE8BA57B}.Release|Any CPU.ActiveCfg = Release|Any CPU
		{8CEFC556-B6E9-4F49-B241-D418DE8BA57B}.Release|Any CPU.Build.0 = Release|Any CPU
		{8CEFC556-B6E9-4F49-B241-D418DE8BA57B}.Release|x64.ActiveCfg = Release|Any CPU
		{8CEFC556-B6E9-4F49-B241-D418DE8BA57B}.Release|x64.Build.0 = Release|Any CPU
		{8CEFC556-B6E9-4F49-B241-D418DE8BA57B}.Release|x86.ActiveCfg = Release|Any CPU
		{8CEFC556-B6E9-4F49-B241-D418DE8BA57B}.Release|x86.Build.0 = Release|Any CPU
		{D8871CE2-D6F2-414B-B76B-65171199411B}.Debug|Any CPU.ActiveCfg = Debug|Any CPU
		{D8871CE2-D6F2-414B-B76B-65171199411B}.Debug|Any CPU.Build.0 = Debug|Any CPU
		{D8871CE2-D6F2-414B-B76B-65171199411B}.Debug|x64.ActiveCfg = Debug|Any CPU
		{D8871CE2-D6F2-414B-B76B-65171199411B}.Debug|x64.Build.0 = Debug|Any CPU
		{D8871CE2-D6F2-414B-B76B-65171199411B}.Debug|x86.ActiveCfg = Debug|Any CPU
		{D8871CE2-D6F2-414B-B76B-65171199411B}.Debug|x86.Build.0 = Debug|Any CPU
		{D8871CE2-D6F2-414B-B76B-65171199411B}.Release|Any CPU.ActiveCfg = Release|Any CPU
		{D8871CE2-D6F2-414B-B76B-65171199411B}.Release|Any CPU.Build.0 = Release|Any CPU
		{D8871CE2-D6F2-414B-B76B-65171199411B}.Release|x64.ActiveCfg = Release|Any CPU
		{D8871CE2-D6F2-414B-B76B-65171199411B}.Release|x64.Build.0 = Release|Any CPU
		{D8871CE2-D6F2-414B-B76B-65171199411B}.Release|x86.ActiveCfg = Release|Any CPU
		{D8871CE2-D6F2-414B-B76B-65171199411B}.Release|x86.Build.0 = Release|Any CPU
	EndGlobalSection
	GlobalSection(NestedProjects) = preSolution
		{272EF4BE-7D1F-4AC6-BA9F-75788966B463} = {D3E0F0A1-4A5A-477E-B6A7-E56D77C8561E}
		{AED7304D-54E4-4ADB-9B46-DFB1B1FE6E90} = {D3E0F0A1-4A5A-477E-B6A7-E56D77C8561E}
		{8CEFC556-B6E9-4F49-B241-D418DE8BA57B} = {D3E0F0A1-4A5A-477E-B6A7-E56D77C8561E}
		{D8871CE2-D6F2-414B-B76B-65171199411B} = {99834A5B-0990-4DDE-BA03-6BD994E12B98}
	EndGlobalSection
EndGlobal
